// !$*UTF8*$!
{
	archiveVersion = 1;
	classes = {
	};
	objectVersion = 51;
	objects = {

/* Begin PBXBuildFile section */
		74A25B449CF5785B5AAA5348 /* Pods_Test_5_16Tests.framework in Frameworks */ = {isa = PBXBuildFile; fileRef = 27FFD03402018D65C5E4CD25 /* Pods_Test_5_16Tests.framework */; };
		860BE26B232208CD00D76753 /* AppDelegate.swift in Sources */ = {isa = PBXBuildFile; fileRef = 860BE26A232208CD00D76753 /* AppDelegate.swift */; };
		860BE26D232208CD00D76753 /* ViewController.swift in Sources */ = {isa = PBXBuildFile; fileRef = 860BE26C232208CD00D76753 /* ViewController.swift */; };
		860BE270232208CD00D76753 /* Main.storyboard in Resources */ = {isa = PBXBuildFile; fileRef = 860BE26E232208CD00D76753 /* Main.storyboard */; };
		860BE272232208CF00D76753 /* Assets.xcassets in Resources */ = {isa = PBXBuildFile; fileRef = 860BE271232208CF00D76753 /* Assets.xcassets */; };
		860BE275232208CF00D76753 /* LaunchScreen.storyboard in Resources */ = {isa = PBXBuildFile; fileRef = 860BE273232208CF00D76753 /* LaunchScreen.storyboard */; };
		860BE280232208D000D76753 /* Test_5_16Tests.swift in Sources */ = {isa = PBXBuildFile; fileRef = 860BE27F232208D000D76753 /* Test_5_16Tests.swift */; };
		860BE28B232208D000D76753 /* Test_5_16UITests.swift in Sources */ = {isa = PBXBuildFile; fileRef = 860BE28A232208D000D76753 /* Test_5_16UITests.swift */; };
		860BE29A2322090000D76753 /* TopViewController.swift in Sources */ = {isa = PBXBuildFile; fileRef = 860BE2982322090000D76753 /* TopViewController.swift */; };
		860BE29B2322090000D76753 /* TopViewController.xib in Resources */ = {isa = PBXBuildFile; fileRef = 860BE2992322090000D76753 /* TopViewController.xib */; };
		860BE29E2322091C00D76753 /* TopMainView.swift in Sources */ = {isa = PBXBuildFile; fileRef = 860BE29C2322091C00D76753 /* TopMainView.swift */; };
		860BE29F2322091C00D76753 /* TopMainView.xib in Resources */ = {isa = PBXBuildFile; fileRef = 860BE29D2322091C00D76753 /* TopMainView.xib */; };
		860BE2A22322095D00D76753 /* TopMainTableViewCell.swift in Sources */ = {isa = PBXBuildFile; fileRef = 860BE2A02322095D00D76753 /* TopMainTableViewCell.swift */; };
		860BE2A32322095D00D76753 /* TopMainTableViewCell.xib in Resources */ = {isa = PBXBuildFile; fileRef = 860BE2A12322095D00D76753 /* TopMainTableViewCell.xib */; };
		861A342C9A5D8C66EC3D68A6 /* Pods_Test_5_16UITests.framework in Frameworks */ = {isa = PBXBuildFile; fileRef = DC2560DAB7D663DCAE101516 /* Pods_Test_5_16UITests.framework */; };
		CF01D52CEACAF76E9C70E573 /* Pods_Test_5_16.framework in Frameworks */ = {isa = PBXBuildFile; fileRef = FA209FAC0FCB13EE29D2CC71 /* Pods_Test_5_16.framework */; };
/* End PBXBuildFile section */

/* Begin PBXContainerItemProxy section */
		860BE27C232208D000D76753 /* PBXContainerItemProxy */ = {
			isa = PBXContainerItemProxy;
			containerPortal = 860BE25F232208CD00D76753 /* Project object */;
			proxyType = 1;
			remoteGlobalIDString = 860BE266232208CD00D76753;
			remoteInfo = "Test-5-16";
		};
		860BE287232208D000D76753 /* PBXContainerItemProxy */ = {
			isa = PBXContainerItemProxy;
			containerPortal = 860BE25F232208CD00D76753 /* Project object */;
			proxyType = 1;
			remoteGlobalIDString = 860BE266232208CD00D76753;
			remoteInfo = "Test-5-16";
		};
/* End PBXContainerItemProxy section */

/* Begin PBXFileReference section */
		27FFD03402018D65C5E4CD25 /* Pods_Test_5_16Tests.framework */ = {isa = PBXFileReference; explicitFileType = wrapper.framework; includeInIndex = 0; path = Pods_Test_5_16Tests.framework; sourceTree = BUILT_PRODUCTS_DIR; };
		49E1DF9A1432A57189628319 /* Pods-Test-5-16.release.xcconfig */ = {isa = PBXFileReference; includeInIndex = 1; lastKnownFileType = text.xcconfig; name = "Pods-Test-5-16.release.xcconfig"; path = "Target Support Files/Pods-Test-5-16/Pods-Test-5-16.release.xcconfig"; sourceTree = "<group>"; };
		4E85157527ABFD522C7361A2 /* Pods-Test-5-16Tests.release.xcconfig */ = {isa = PBXFileReference; includeInIndex = 1; lastKnownFileType = text.xcconfig; name = "Pods-Test-5-16Tests.release.xcconfig"; path = "Target Support Files/Pods-Test-5-16Tests/Pods-Test-5-16Tests.release.xcconfig"; sourceTree = "<group>"; };
		5FCDFCCD9F66C0C81A3BCC2A /* Pods-Test-5-16UITests.release.xcconfig */ = {isa = PBXFileReference; includeInIndex = 1; lastKnownFileType = text.xcconfig; name = "Pods-Test-5-16UITests.release.xcconfig"; path = "Target Support Files/Pods-Test-5-16UITests/Pods-Test-5-16UITests.release.xcconfig"; sourceTree = "<group>"; };
		860BE267232208CD00D76753 /* Test-5-16.app */ = {isa = PBXFileReference; explicitFileType = wrapper.application; includeInIndex = 0; path = "Test-5-16.app"; sourceTree = BUILT_PRODUCTS_DIR; };
		860BE26A232208CD00D76753 /* AppDelegate.swift */ = {isa = PBXFileReference; lastKnownFileType = sourcecode.swift; path = AppDelegate.swift; sourceTree = "<group>"; };
		860BE26C232208CD00D76753 /* ViewController.swift */ = {isa = PBXFileReference; lastKnownFileType = sourcecode.swift; path = ViewController.swift; sourceTree = "<group>"; };
		860BE26F232208CD00D76753 /* Base */ = {isa = PBXFileReference; lastKnownFileType = file.storyboard; name = Base; path = Base.lproj/Main.storyboard; sourceTree = "<group>"; };
		860BE271232208CF00D76753 /* Assets.xcassets */ = {isa = PBXFileReference; lastKnownFileType = folder.assetcatalog; path = Assets.xcassets; sourceTree = "<group>"; };
		860BE274232208CF00D76753 /* Base */ = {isa = PBXFileReference; lastKnownFileType = file.storyboard; name = Base; path = Base.lproj/LaunchScreen.storyboard; sourceTree = "<group>"; };
		860BE276232208CF00D76753 /* Info.plist */ = {isa = PBXFileReference; lastKnownFileType = text.plist.xml; path = Info.plist; sourceTree = "<group>"; };
		860BE27B232208D000D76753 /* Test-5-16Tests.xctest */ = {isa = PBXFileReference; explicitFileType = wrapper.cfbundle; includeInIndex = 0; path = "Test-5-16Tests.xctest"; sourceTree = BUILT_PRODUCTS_DIR; };
		860BE27F232208D000D76753 /* Test_5_16Tests.swift */ = {isa = PBXFileReference; lastKnownFileType = sourcecode.swift; path = Test_5_16Tests.swift; sourceTree = "<group>"; };
		860BE281232208D000D76753 /* Info.plist */ = {isa = PBXFileReference; lastKnownFileType = text.plist.xml; path = Info.plist; sourceTree = "<group>"; };
		860BE286232208D000D76753 /* Test-5-16UITests.xctest */ = {isa = PBXFileReference; explicitFileType = wrapper.cfbundle; includeInIndex = 0; path = "Test-5-16UITests.xctest"; sourceTree = BUILT_PRODUCTS_DIR; };
		860BE28A232208D000D76753 /* Test_5_16UITests.swift */ = {isa = PBXFileReference; lastKnownFileType = sourcecode.swift; path = Test_5_16UITests.swift; sourceTree = "<group>"; };
		860BE28C232208D000D76753 /* Info.plist */ = {isa = PBXFileReference; lastKnownFileType = text.plist.xml; path = Info.plist; sourceTree = "<group>"; };
		860BE2982322090000D76753 /* TopViewController.swift */ = {isa = PBXFileReference; lastKnownFileType = sourcecode.swift; path = TopViewController.swift; sourceTree = "<group>"; };
		860BE2992322090000D76753 /* TopViewController.xib */ = {isa = PBXFileReference; lastKnownFileType = file.xib; path = TopViewController.xib; sourceTree = "<group>"; };
		860BE29C2322091C00D76753 /* TopMainView.swift */ = {isa = PBXFileReference; lastKnownFileType = sourcecode.swift; path = TopMainView.swift; sourceTree = "<group>"; };
		860BE29D2322091C00D76753 /* TopMainView.xib */ = {isa = PBXFileReference; lastKnownFileType = file.xib; path = TopMainView.xib; sourceTree = "<group>"; };
		860BE2A02322095D00D76753 /* TopMainTableViewCell.swift */ = {isa = PBXFileReference; lastKnownFileType = sourcecode.swift; path = TopMainTableViewCell.swift; sourceTree = "<group>"; };
		860BE2A12322095D00D76753 /* TopMainTableViewCell.xib */ = {isa = PBXFileReference; lastKnownFileType = file.xib; path = TopMainTableViewCell.xib; sourceTree = "<group>"; };
		93A5C7F8FB8C3D8F35F9F56E /* Pods-Test-5-16Tests.debug.xcconfig */ = {isa = PBXFileReference; includeInIndex = 1; lastKnownFileType = text.xcconfig; name = "Pods-Test-5-16Tests.debug.xcconfig"; path = "Target Support Files/Pods-Test-5-16Tests/Pods-Test-5-16Tests.debug.xcconfig"; sourceTree = "<group>"; };
		C3151E83C1A66EE61E0364A3 /* Pods-Test-5-16.debug.xcconfig */ = {isa = PBXFileReference; includeInIndex = 1; lastKnownFileType = text.xcconfig; name = "Pods-Test-5-16.debug.xcconfig"; path = "Target Support Files/Pods-Test-5-16/Pods-Test-5-16.debug.xcconfig"; sourceTree = "<group>"; };
		DC2560DAB7D663DCAE101516 /* Pods_Test_5_16UITests.framework */ = {isa = PBXFileReference; explicitFileType = wrapper.framework; includeInIndex = 0; path = Pods_Test_5_16UITests.framework; sourceTree = BUILT_PRODUCTS_DIR; };
		FA085357B9297F1EEBEE9758 /* Pods-Test-5-16UITests.debug.xcconfig */ = {isa = PBXFileReference; includeInIndex = 1; lastKnownFileType = text.xcconfig; name = "Pods-Test-5-16UITests.debug.xcconfig"; path = "Target Support Files/Pods-Test-5-16UITests/Pods-Test-5-16UITests.debug.xcconfig"; sourceTree = "<group>"; };
		FA209FAC0FCB13EE29D2CC71 /* Pods_Test_5_16.framework */ = {isa = PBXFileReference; explicitFileType = wrapper.framework; includeInIndex = 0; path = Pods_Test_5_16.framework; sourceTree = BUILT_PRODUCTS_DIR; };
/* End PBXFileReference section */

/* Begin PBXFrameworksBuildPhase section */
		860BE264232208CD00D76753 /* Frameworks */ = {
			isa = PBXFrameworksBuildPhase;
			buildActionMask = 2147483647;
			files = (
				CF01D52CEACAF76E9C70E573 /* Pods_Test_5_16.framework in Frameworks */,
			);
			runOnlyForDeploymentPostprocessing = 0;
		};
		860BE278232208D000D76753 /* Frameworks */ = {
			isa = PBXFrameworksBuildPhase;
			buildActionMask = 2147483647;
			files = (
				74A25B449CF5785B5AAA5348 /* Pods_Test_5_16Tests.framework in Frameworks */,
			);
			runOnlyForDeploymentPostprocessing = 0;
		};
		860BE283232208D000D76753 /* Frameworks */ = {
			isa = PBXFrameworksBuildPhase;
			buildActionMask = 2147483647;
			files = (
				861A342C9A5D8C66EC3D68A6 /* Pods_Test_5_16UITests.framework in Frameworks */,
			);
			runOnlyForDeploymentPostprocessing = 0;
		};
/* End PBXFrameworksBuildPhase section */

/* Begin PBXGroup section */
		2B17D5D282CCF694CA7DABDA /* Frameworks */ = {
			isa = PBXGroup;
			children = (
				FA209FAC0FCB13EE29D2CC71 /* Pods_Test_5_16.framework */,
				27FFD03402018D65C5E4CD25 /* Pods_Test_5_16Tests.framework */,
				DC2560DAB7D663DCAE101516 /* Pods_Test_5_16UITests.framework */,
			);
			name = Frameworks;
			sourceTree = "<group>";
		};
		7429EF0EBE3673936732EE2D /* Pods */ = {
			isa = PBXGroup;
			children = (
				C3151E83C1A66EE61E0364A3 /* Pods-Test-5-16.debug.xcconfig */,
				49E1DF9A1432A57189628319 /* Pods-Test-5-16.release.xcconfig */,
				93A5C7F8FB8C3D8F35F9F56E /* Pods-Test-5-16Tests.debug.xcconfig */,
				4E85157527ABFD522C7361A2 /* Pods-Test-5-16Tests.release.xcconfig */,
				FA085357B9297F1EEBEE9758 /* Pods-Test-5-16UITests.debug.xcconfig */,
				5FCDFCCD9F66C0C81A3BCC2A /* Pods-Test-5-16UITests.release.xcconfig */,
			);
			path = Pods;
			sourceTree = "<group>";
		};
		860BE25E232208CD00D76753 = {
			isa = PBXGroup;
			children = (
				860BE269232208CD00D76753 /* Test-5-16 */,
				860BE27E232208D000D76753 /* Test-5-16Tests */,
				860BE289232208D000D76753 /* Test-5-16UITests */,
				860BE268232208CD00D76753 /* Products */,
				7429EF0EBE3673936732EE2D /* Pods */,
				2B17D5D282CCF694CA7DABDA /* Frameworks */,
			);
			sourceTree = "<group>";
		};
		860BE268232208CD00D76753 /* Products */ = {
			isa = PBXGroup;
			children = (
				860BE267232208CD00D76753 /* Test-5-16.app */,
				860BE27B232208D000D76753 /* Test-5-16Tests.xctest */,
				860BE286232208D000D76753 /* Test-5-16UITests.xctest */,
			);
			name = Products;
			sourceTree = "<group>";
		};
		860BE269232208CD00D76753 /* Test-5-16 */ = {
			isa = PBXGroup;
			children = (
				860BE26A232208CD00D76753 /* AppDelegate.swift */,
				860BE26C232208CD00D76753 /* ViewController.swift */,
				860BE26E232208CD00D76753 /* Main.storyboard */,
				860BE271232208CF00D76753 /* Assets.xcassets */,
				860BE273232208CF00D76753 /* LaunchScreen.storyboard */,
				860BE276232208CF00D76753 /* Info.plist */,
				860BE2982322090000D76753 /* TopViewController.swift */,
				860BE2992322090000D76753 /* TopViewController.xib */,
				860BE29C2322091C00D76753 /* TopMainView.swift */,
				860BE29D2322091C00D76753 /* TopMainView.xib */,
				860BE2A02322095D00D76753 /* TopMainTableViewCell.swift */,
				860BE2A12322095D00D76753 /* TopMainTableViewCell.xib */,
			);
			path = "Test-5-16";
			sourceTree = "<group>";
		};
		860BE27E232208D000D76753 /* Test-5-16Tests */ = {
			isa = PBXGroup;
			children = (
				860BE27F232208D000D76753 /* Test_5_16Tests.swift */,
				860BE281232208D000D76753 /* Info.plist */,
			);
			path = "Test-5-16Tests";
			sourceTree = "<group>";
		};
		860BE289232208D000D76753 /* Test-5-16UITests */ = {
			isa = PBXGroup;
			children = (
				860BE28A232208D000D76753 /* Test_5_16UITests.swift */,
				860BE28C232208D000D76753 /* Info.plist */,
			);
			path = "Test-5-16UITests";
			sourceTree = "<group>";
		};
/* End PBXGroup section */

/* Begin PBXNativeTarget section */
		860BE266232208CD00D76753 /* Test-5-16 */ = {
			isa = PBXNativeTarget;
			buildConfigurationList = 860BE28F232208D000D76753 /* Build configuration list for PBXNativeTarget "Test-5-16" */;
			buildPhases = (
				3954FD1FC89C2612D1384EFC /* [CP] Check Pods Manifest.lock */,
				860BE263232208CD00D76753 /* Sources */,
				860BE264232208CD00D76753 /* Frameworks */,
				860BE265232208CD00D76753 /* Resources */,
				41D6FB400C9844526E8A7D18 /* [CP] Embed Pods Frameworks */,
			);
			buildRules = (
			);
			dependencies = (
			);
			name = "Test-5-16";
			productName = "Test-5-16";
			productReference = 860BE267232208CD00D76753 /* Test-5-16.app */;
			productType = "com.apple.product-type.application";
		};
		860BE27A232208D000D76753 /* Test-5-16Tests */ = {
			isa = PBXNativeTarget;
			buildConfigurationList = 860BE292232208D000D76753 /* Build configuration list for PBXNativeTarget "Test-5-16Tests" */;
			buildPhases = (
				04AF71173701908EA3F85463 /* [CP] Check Pods Manifest.lock */,
				860BE277232208D000D76753 /* Sources */,
				860BE278232208D000D76753 /* Frameworks */,
				860BE279232208D000D76753 /* Resources */,
			);
			buildRules = (
			);
			dependencies = (
				860BE27D232208D000D76753 /* PBXTargetDependency */,
			);
			name = "Test-5-16Tests";
			productName = "Test-5-16Tests";
			productReference = 860BE27B232208D000D76753 /* Test-5-16Tests.xctest */;
			productType = "com.apple.product-type.bundle.unit-test";
		};
		860BE285232208D000D76753 /* Test-5-16UITests */ = {
			isa = PBXNativeTarget;
			buildConfigurationList = 860BE295232208D000D76753 /* Build configuration list for PBXNativeTarget "Test-5-16UITests" */;
			buildPhases = (
				38142D6775071A1722D95D82 /* [CP] Check Pods Manifest.lock */,
				860BE282232208D000D76753 /* Sources */,
				860BE283232208D000D76753 /* Frameworks */,
				860BE284232208D000D76753 /* Resources */,
			);
			buildRules = (
			);
			dependencies = (
				860BE288232208D000D76753 /* PBXTargetDependency */,
			);
			name = "Test-5-16UITests";
			productName = "Test-5-16UITests";
			productReference = 860BE286232208D000D76753 /* Test-5-16UITests.xctest */;
			productType = "com.apple.product-type.bundle.ui-testing";
		};
/* End PBXNativeTarget section */

/* Begin PBXProject section */
		860BE25F232208CD00D76753 /* Project object */ = {
			isa = PBXProject;
			attributes = {
				LastSwiftUpdateCheck = 1030;
				LastUpgradeCheck = 1030;
				ORGANIZATIONNAME = "多可楽";
				TargetAttributes = {
					860BE266232208CD00D76753 = {
						CreatedOnToolsVersion = 10.3;
					};
					860BE27A232208D000D76753 = {
						CreatedOnToolsVersion = 10.3;
						TestTargetID = 860BE266232208CD00D76753;
					};
					860BE285232208D000D76753 = {
						CreatedOnToolsVersion = 10.3;
						TestTargetID = 860BE266232208CD00D76753;
					};
				};
			};
			buildConfigurationList = 860BE262232208CD00D76753 /* Build configuration list for PBXProject "Test-5-16" */;
			compatibilityVersion = "Xcode 9.3";
			developmentRegion = en;
			hasScannedForEncodings = 0;
			knownRegions = (
				en,
				Base,
			);
			mainGroup = 860BE25E232208CD00D76753;
			productRefGroup = 860BE268232208CD00D76753 /* Products */;
			projectDirPath = "";
			projectRoot = "";
			targets = (
				860BE266232208CD00D76753 /* Test-5-16 */,
				860BE27A232208D000D76753 /* Test-5-16Tests */,
				860BE285232208D000D76753 /* Test-5-16UITests */,
			);
		};
/* End PBXProject section */

/* Begin PBXResourcesBuildPhase section */
		860BE265232208CD00D76753 /* Resources */ = {
			isa = PBXResourcesBuildPhase;
			buildActionMask = 2147483647;
			files = (
				860BE29F2322091C00D76753 /* TopMainView.xib in Resources */,
				860BE29B2322090000D76753 /* TopViewController.xib in Resources */,
				860BE275232208CF00D76753 /* LaunchScreen.storyboard in Resources */,
				860BE272232208CF00D76753 /* Assets.xcassets in Resources */,
				860BE2A32322095D00D76753 /* TopMainTableViewCell.xib in Resources */,
				860BE270232208CD00D76753 /* Main.storyboard in Resources */,
			);
			runOnlyForDeploymentPostprocessing = 0;
		};
		860BE279232208D000D76753 /* Resources */ = {
			isa = PBXResourcesBuildPhase;
			buildActionMask = 2147483647;
			files = (
			);
			runOnlyForDeploymentPostprocessing = 0;
		};
		860BE284232208D000D76753 /* Resources */ = {
			isa = PBXResourcesBuildPhase;
			buildActionMask = 2147483647;
			files = (
			);
			runOnlyForDeploymentPostprocessing = 0;
		};
/* End PBXResourcesBuildPhase section */

/* Begin PBXShellScriptBuildPhase section */
		04AF71173701908EA3F85463 /* [CP] Check Pods Manifest.lock */ = {
			isa = PBXShellScriptBuildPhase;
			buildActionMask = 2147483647;
			files = (
			);
			inputFileListPaths = (
			);
			inputPaths = (
				"${PODS_PODFILE_DIR_PATH}/Podfile.lock",
				"${PODS_ROOT}/Manifest.lock",
			);
			name = "[CP] Check Pods Manifest.lock";
			outputFileListPaths = (
			);
			outputPaths = (
				"$(DERIVED_FILE_DIR)/Pods-Test-5-16Tests-checkManifestLockResult.txt",
			);
			runOnlyForDeploymentPostprocessing = 0;
			shellPath = /bin/sh;
			shellScript = "diff \"${PODS_PODFILE_DIR_PATH}/Podfile.lock\" \"${PODS_ROOT}/Manifest.lock\" > /dev/null\nif [ $? != 0 ] ; then\n    # print error to STDERR\n    echo \"error: The sandbox is not in sync with the Podfile.lock. Run 'pod install' or update your CocoaPods installation.\" >&2\n    exit 1\nfi\n# This output is used by Xcode 'outputs' to avoid re-running this script phase.\necho \"SUCCESS\" > \"${SCRIPT_OUTPUT_FILE_0}\"\n";
			showEnvVarsInLog = 0;
		};
		38142D6775071A1722D95D82 /* [CP] Check Pods Manifest.lock */ = {
			isa = PBXShellScriptBuildPhase;
			buildActionMask = 2147483647;
			files = (
			);
			inputFileListPaths = (
			);
			inputPaths = (
				"${PODS_PODFILE_DIR_PATH}/Podfile.lock",
				"${PODS_ROOT}/Manifest.lock",
			);
			name = "[CP] Check Pods Manifest.lock";
			outputFileListPaths = (
			);
			outputPaths = (
				"$(DERIVED_FILE_DIR)/Pods-Test-5-16UITests-checkManifestLockResult.txt",
			);
			runOnlyForDeploymentPostprocessing = 0;
			shellPath = /bin/sh;
			shellScript = "diff \"${PODS_PODFILE_DIR_PATH}/Podfile.lock\" \"${PODS_ROOT}/Manifest.lock\" > /dev/null\nif [ $? != 0 ] ; then\n    # print error to STDERR\n    echo \"error: The sandbox is not in sync with the Podfile.lock. Run 'pod install' or update your CocoaPods installation.\" >&2\n    exit 1\nfi\n# This output is used by Xcode 'outputs' to avoid re-running this script phase.\necho \"SUCCESS\" > \"${SCRIPT_OUTPUT_FILE_0}\"\n";
			showEnvVarsInLog = 0;
		};
		3954FD1FC89C2612D1384EFC /* [CP] Check Pods Manifest.lock */ = {
			isa = PBXShellScriptBuildPhase;
			buildActionMask = 2147483647;
			files = (
			);
			inputFileListPaths = (
			);
			inputPaths = (
				"${PODS_PODFILE_DIR_PATH}/Podfile.lock",
				"${PODS_ROOT}/Manifest.lock",
			);
			name = "[CP] Check Pods Manifest.lock";
			outputFileListPaths = (
			);
			outputPaths = (
				"$(DERIVED_FILE_DIR)/Pods-Test-5-16-checkManifestLockResult.txt",
			);
			runOnlyForDeploymentPostprocessing = 0;
			shellPath = /bin/sh;
			shellScript = "diff \"${PODS_PODFILE_DIR_PATH}/Podfile.lock\" \"${PODS_ROOT}/Manifest.lock\" > /dev/null\nif [ $? != 0 ] ; then\n    # print error to STDERR\n    echo \"error: The sandbox is not in sync with the Podfile.lock. Run 'pod install' or update your CocoaPods installation.\" >&2\n    exit 1\nfi\n# This output is used by Xcode 'outputs' to avoid re-running this script phase.\necho \"SUCCESS\" > \"${SCRIPT_OUTPUT_FILE_0}\"\n";
			showEnvVarsInLog = 0;
		};
		41D6FB400C9844526E8A7D18 /* [CP] Embed Pods Frameworks */ = {
			isa = PBXShellScriptBuildPhase;
			buildActionMask = 2147483647;
			files = (
			);
			inputFileListPaths = (
				"${PODS_ROOT}/Target Support Files/Pods-Test-5-16/Pods-Test-5-16-frameworks-${CONFIGURATION}-input-files.xcfilelist",
			);
			name = "[CP] Embed Pods Frameworks";
			outputFileListPaths = (
				"${PODS_ROOT}/Target Support Files/Pods-Test-5-16/Pods-Test-5-16-frameworks-${CONFIGURATION}-output-files.xcfilelist",
			);
			runOnlyForDeploymentPostprocessing = 0;
			shellPath = /bin/sh;
			shellScript = "\"${PODS_ROOT}/Target Support Files/Pods-Test-5-16/Pods-Test-5-16-frameworks.sh\"\n";
			showEnvVarsInLog = 0;
		};
/* End PBXShellScriptBuildPhase section */

/* Begin PBXSourcesBuildPhase section */
		860BE263232208CD00D76753 /* Sources */ = {
			isa = PBXSourcesBuildPhase;
			buildActionMask = 2147483647;
			files = (
				860BE2A22322095D00D76753 /* TopMainTableViewCell.swift in Sources */,
				860BE29A2322090000D76753 /* TopViewController.swift in Sources */,
				860BE26D232208CD00D76753 /* ViewController.swift in Sources */,
				860BE26B232208CD00D76753 /* AppDelegate.swift in Sources */,
				860BE29E2322091C00D76753 /* TopMainView.swift in Sources */,
			);
			runOnlyForDeploymentPostprocessing = 0;
		};
		860BE277232208D000D76753 /* Sources */ = {
			isa = PBXSourcesBuildPhase;
			buildActionMask = 2147483647;
			files = (
				860BE280232208D000D76753 /* Test_5_16Tests.swift in Sources */,
			);
			runOnlyForDeploymentPostprocessing = 0;
		};
		860BE282232208D000D76753 /* Sources */ = {
			isa = PBXSourcesBuildPhase;
			buildActionMask = 2147483647;
			files = (
				860BE28B232208D000D76753 /* Test_5_16UITests.swift in Sources */,
			);
			runOnlyForDeploymentPostprocessing = 0;
		};
/* End PBXSourcesBuildPhase section */

/* Begin PBXTargetDependency section */
		860BE27D232208D000D76753 /* PBXTargetDependency */ = {
			isa = PBXTargetDependency;
			target = 860BE266232208CD00D76753 /* Test-5-16 */;
			targetProxy = 860BE27C232208D000D76753 /* PBXContainerItemProxy */;
		};
		860BE288232208D000D76753 /* PBXTargetDependency */ = {
			isa = PBXTargetDependency;
			target = 860BE266232208CD00D76753 /* Test-5-16 */;
			targetProxy = 860BE287232208D000D76753 /* PBXContainerItemProxy */;
		};
/* End PBXTargetDependency section */

/* Begin PBXVariantGroup section */
		860BE26E232208CD00D76753 /* Main.storyboard */ = {
			isa = PBXVariantGroup;
			children = (
				860BE26F232208CD00D76753 /* Base */,
			);
			name = Main.storyboard;
			sourceTree = "<group>";
		};
		860BE273232208CF00D76753 /* LaunchScreen.storyboard */ = {
			isa = PBXVariantGroup;
			children = (
				860BE274232208CF00D76753 /* Base */,
			);
			name = LaunchScreen.storyboard;
			sourceTree = "<group>";
		};
/* End PBXVariantGroup section */

/* Begin XCBuildConfiguration section */
		860BE28D232208D000D76753 /* Debug */ = {
			isa = XCBuildConfiguration;
			buildSettings = {
				ALWAYS_SEARCH_USER_PATHS = NO;
				CLANG_ANALYZER_NONNULL = YES;
				CLANG_ANALYZER_NUMBER_OBJECT_CONVERSION = YES_AGGRESSIVE;
				CLANG_CXX_LANGUAGE_STANDARD = "gnu++14";
				CLANG_CXX_LIBRARY = "libc++";
				CLANG_ENABLE_MODULES = YES;
				CLANG_ENABLE_OBJC_ARC = YES;
				CLANG_ENABLE_OBJC_WEAK = YES;
				CLANG_WARN_BLOCK_CAPTURE_AUTORELEASING = YES;
				CLANG_WARN_BOOL_CONVERSION = YES;
				CLANG_WARN_COMMA = YES;
				CLANG_WARN_CONSTANT_CONVERSION = YES;
				CLANG_WARN_DEPRECATED_OBJC_IMPLEMENTATIONS = YES;
				CLANG_WARN_DIRECT_OBJC_ISA_USAGE = YES_ERROR;
				CLANG_WARN_DOCUMENTATION_COMMENTS = YES;
				CLANG_WARN_EMPTY_BODY = YES;
				CLANG_WARN_ENUM_CONVERSION = YES;
				CLANG_WARN_INFINITE_RECURSION = YES;
				CLANG_WARN_INT_CONVERSION = YES;
				CLANG_WARN_NON_LITERAL_NULL_CONVERSION = YES;
				CLANG_WARN_OBJC_IMPLICIT_RETAIN_SELF = YES;
				CLANG_WARN_OBJC_LITERAL_CONVERSION = YES;
				CLANG_WARN_OBJC_ROOT_CLASS = YES_ERROR;
				CLANG_WARN_RANGE_LOOP_ANALYSIS = YES;
				CLANG_WARN_STRICT_PROTOTYPES = YES;
				CLANG_WARN_SUSPICIOUS_MOVE = YES;
				CLANG_WARN_UNGUARDED_AVAILABILITY = YES_AGGRESSIVE;
				CLANG_WARN_UNREACHABLE_CODE = YES;
				CLANG_WARN__DUPLICATE_METHOD_MATCH = YES;
				CODE_SIGN_IDENTITY = "iPhone Developer";
				COPY_PHASE_STRIP = NO;
				DEBUG_INFORMATION_FORMAT = dwarf;
				ENABLE_STRICT_OBJC_MSGSEND = YES;
				ENABLE_TESTABILITY = YES;
				GCC_C_LANGUAGE_STANDARD = gnu11;
				GCC_DYNAMIC_NO_PIC = NO;
				GCC_NO_COMMON_BLOCKS = YES;
				GCC_OPTIMIZATION_LEVEL = 0;
				GCC_PREPROCESSOR_DEFINITIONS = (
					"DEBUG=1",
					"$(inherited)",
				);
				GCC_WARN_64_TO_32_BIT_CONVERSION = YES;
				GCC_WARN_ABOUT_RETURN_TYPE = YES_ERROR;
				GCC_WARN_UNDECLARED_SELECTOR = YES;
				GCC_WARN_UNINITIALIZED_AUTOS = YES_AGGRESSIVE;
				GCC_WARN_UNUSED_FUNCTION = YES;
				GCC_WARN_UNUSED_VARIABLE = YES;
				IPHONEOS_DEPLOYMENT_TARGET = 12.4;
				MTL_ENABLE_DEBUG_INFO = INCLUDE_SOURCE;
				MTL_FAST_MATH = YES;
				ONLY_ACTIVE_ARCH = YES;
				SDKROOT = iphoneos;
				SWIFT_ACTIVE_COMPILATION_CONDITIONS = DEBUG;
				SWIFT_OPTIMIZATION_LEVEL = "-Onone";
			};
			name = Debug;
		};
		860BE28E232208D000D76753 /* Release */ = {
			isa = XCBuildConfiguration;
			buildSettings = {
				ALWAYS_SEARCH_USER_PATHS = NO;
				CLANG_ANALYZER_NONNULL = YES;
				CLANG_ANALYZER_NUMBER_OBJECT_CONVERSION = YES_AGGRESSIVE;
				CLANG_CXX_LANGUAGE_STANDARD = "gnu++14";
				CLANG_CXX_LIBRARY = "libc++";
				CLANG_ENABLE_MODULES = YES;
				CLANG_ENABLE_OBJC_ARC = YES;
				CLANG_ENABLE_OBJC_WEAK = YES;
				CLANG_WARN_BLOCK_CAPTURE_AUTORELEASING = YES;
				CLANG_WARN_BOOL_CONVERSION = YES;
				CLANG_WARN_COMMA = YES;
				CLANG_WARN_CONSTANT_CONVERSION = YES;
				CLANG_WARN_DEPRECATED_OBJC_IMPLEMENTATIONS = YES;
				CLANG_WARN_DIRECT_OBJC_ISA_USAGE = YES_ERROR;
				CLANG_WARN_DOCUMENTATION_COMMENTS = YES;
				CLANG_WARN_EMPTY_BODY = YES;
				CLANG_WARN_ENUM_CONVERSION = YES;
				CLANG_WARN_INFINITE_RECURSION = YES;
				CLANG_WARN_INT_CONVERSION = YES;
				CLANG_WARN_NON_LITERAL_NULL_CONVERSION = YES;
				CLANG_WARN_OBJC_IMPLICIT_RETAIN_SELF = YES;
				CLANG_WARN_OBJC_LITERAL_CONVERSION = YES;
				CLANG_WARN_OBJC_ROOT_CLASS = YES_ERROR;
				CLANG_WARN_RANGE_LOOP_ANALYSIS = YES;
				CLANG_WARN_STRICT_PROTOTYPES = YES;
				CLANG_WARN_SUSPICIOUS_MOVE = YES;
				CLANG_WARN_UNGUARDED_AVAILABILITY = YES_AGGRESSIVE;
				CLANG_WARN_UNREACHABLE_CODE = YES;
				CLANG_WARN__DUPLICATE_METHOD_MATCH = YES;
				CODE_SIGN_IDENTITY = "iPhone Developer";
				COPY_PHASE_STRIP = NO;
				DEBUG_INFORMATION_FORMAT = "dwarf-with-dsym";
				ENABLE_NS_ASSERTIONS = NO;
				ENABLE_STRICT_OBJC_MSGSEND = YES;
				GCC_C_LANGUAGE_STANDARD = gnu11;
				GCC_NO_COMMON_BLOCKS = YES;
				GCC_WARN_64_TO_32_BIT_CONVERSION = YES;
				GCC_WARN_ABOUT_RETURN_TYPE = YES_ERROR;
				GCC_WARN_UNDECLARED_SELECTOR = YES;
				GCC_WARN_UNINITIALIZED_AUTOS = YES_AGGRESSIVE;
				GCC_WARN_UNUSED_FUNCTION = YES;
				GCC_WARN_UNUSED_VARIABLE = YES;
				IPHONEOS_DEPLOYMENT_TARGET = 12.4;
				MTL_ENABLE_DEBUG_INFO = NO;
				MTL_FAST_MATH = YES;
				SDKROOT = iphoneos;
				SWIFT_COMPILATION_MODE = wholemodule;
				SWIFT_OPTIMIZATION_LEVEL = "-O";
				VALIDATE_PRODUCT = YES;
			};
			name = Release;
		};
		860BE290232208D000D76753 /* Debug */ = {
			isa = XCBuildConfiguration;
			baseConfigurationReference = C3151E83C1A66EE61E0364A3 /* Pods-Test-5-16.debug.xcconfig */;
			buildSettings = {
				ASSETCATALOG_COMPILER_APPICON_NAME = AppIcon;
				CODE_SIGN_STYLE = Automatic;
				INFOPLIST_FILE = "Test-5-16/Info.plist";
				LD_RUNPATH_SEARCH_PATHS = (
					"$(inherited)",
					"@executable_path/Frameworks",
				);
				PRODUCT_BUNDLE_IDENTIFIER = "aaaa.Test-5-16";
				PRODUCT_NAME = "$(TARGET_NAME)";
				SWIFT_VERSION = 5.0;
				TARGETED_DEVICE_FAMILY = "1,2";
			};
			name = Debug;
		};
		860BE291232208D000D76753 /* Release */ = {
			isa = XCBuildConfiguration;
			baseConfigurationReference = 49E1DF9A1432A57189628319 /* Pods-Test-5-16.release.xcconfig */;
			buildSettings = {
				ASSETCATALOG_COMPILER_APPICON_NAME = AppIcon;
				CODE_SIGN_STYLE = Automatic;
				INFOPLIST_FILE = "Test-5-16/Info.plist";
				LD_RUNPATH_SEARCH_PATHS = (
					"$(inherited)",
					"@executable_path/Frameworks",
				);
				PRODUCT_BUNDLE_IDENTIFIER = "aaaa.Test-5-16";
				PRODUCT_NAME = "$(TARGET_NAME)";
				SWIFT_VERSION = 5.0;
				TARGETED_DEVICE_FAMILY = "1,2";
			};
			name = Release;
		};
		860BE293232208D000D76753 /* Debug */ = {
			isa = XCBuildConfiguration;
			baseConfigurationReference = 93A5C7F8FB8C3D8F35F9F56E /* Pods-Test-5-16Tests.debug.xcconfig */;
			buildSettings = {
				ALWAYS_EMBED_SWIFT_STANDARD_LIBRARIES = YES;
				BUNDLE_LOADER = "$(TEST_HOST)";
				CODE_SIGN_STYLE = Automatic;
				INFOPLIST_FILE = "Test-5-16Tests/Info.plist";
				LD_RUNPATH_SEARCH_PATHS = (
					"$(inherited)",
					"@executable_path/Frameworks",
					"@loader_path/Frameworks",
				);
				PRODUCT_BUNDLE_IDENTIFIER = "aaaa.Test-5-16Tests";
				PRODUCT_NAME = "$(TARGET_NAME)";
				SWIFT_VERSION = 5.0;
				TARGETED_DEVICE_FAMILY = "1,2";
				TEST_HOST = "$(BUILT_PRODUCTS_DIR)/Test-5-16.app/Test-5-16";
			};
			name = Debug;
		};
		860BE294232208D000D76753 /* Release */ = {
			isa = XCBuildConfiguration;
			baseConfigurationReference = 4E85157527ABFD522C7361A2 /* Pods-Test-5-16Tests.release.xcconfig */;
			buildSettings = {
				ALWAYS_EMBED_SWIFT_STANDARD_LIBRARIES = YES;
				BUNDLE_LOADER = "$(TEST_HOST)";
				CODE_SIGN_STYLE = Automatic;
				INFOPLIST_FILE = "Test-5-16Tests/Info.plist";
				LD_RUNPATH_SEARCH_PATHS = (
					"$(inherited)",
					"@executable_path/Frameworks",
					"@loader_path/Frameworks",
				);
				PRODUCT_BUNDLE_IDENTIFIER = "aaaa.Test-5-16Tests";
				PRODUCT_NAME = "$(TARGET_NAME)";
				SWIFT_VERSION = 5.0;
				TARGETED_DEVICE_FAMILY = "1,2";
				TEST_HOST = "$(BUILT_PRODUCTS_DIR)/Test-5-16.app/Test-5-16";
			};
			name = Release;
		};
		860BE296232208D000D76753 /* Debug */ = {
			isa = XCBuildConfiguration;
			baseConfigurationReference = FA085357B9297F1EEBEE9758 /* Pods-Test-5-16UITests.debug.xcconfig */;
			buildSettings = {
				ALWAYS_EMBED_SWIFT_STANDARD_LIBRARIES = YES;
				CODE_SIGN_STYLE = Automatic;
				INFOPLIST_FILE = "Test-5-16UITests/Info.plist";
				LD_RUNPATH_SEARCH_PATHS = (
					"$(inherited)",
					"@executable_path/Frameworks",
					"@loader_path/Frameworks",
				);
				PRODUCT_BUNDLE_IDENTIFIER = "aaaa.Test-5-16UITests";
				PRODUCT_NAME = "$(TARGET_NAME)";
				SWIFT_VERSION = 5.0;
				TARGETED_DEVICE_FAMILY = "1,2";
				TEST_TARGET_NAME = "Test-5-16";
			};
			name = Debug;
		};
		860BE297232208D000D76753 /* Release */ = {
			isa = XCBuildConfiguration;
			baseConfigurationReference = 5FCDFCCD9F66C0C81A3BCC2A /* Pods-Test-5-16UITests.release.xcconfig */;
			buildSettings = {
				ALWAYS_EMBED_SWIFT_STANDARD_LIBRARIES = YES;
				CODE_SIGN_STYLE = Automatic;
				INFOPLIST_FILE = "Test-5-16UITests/Info.plist";
				LD_RUNPATH_SEARCH_PATHS = (
					"$(inherited)",
					"@executable_path/Frameworks",
					"@loader_path/Frameworks",
				);
				PRODUCT_BUNDLE_IDENTIFIER = "aaaa.Test-5-16UITests";
				PRODUCT_NAME = "$(TARGET_NAME)";
				SWIFT_VERSION = 5.0;
				TARGETED_DEVICE_FAMILY = "1,2";
				TEST_TARGET_NAME = "Test-5-16";
			};
			name = Release;
		};
/* End XCBuildConfiguration section */

/* Begin XCConfigurationList section */
		860BE262232208CD00D76753 /* Build configuration list for PBXProject "Test-5-16" */ = {
			isa = XCConfigurationList;
			buildConfigurations = (
				860BE28D232208D000D76753 /* Debug */,
				860BE28E232208D000D76753 /* Release */,
			);
			defaultConfigurationIsVisible = 0;
			defaultConfigurationName = Release;
		};
		860BE28F232208D000D76753 /* Build configuration list for PBXNativeTarget "Test-5-16" */ = {
			isa = XCConfigurationList;
			buildConfigurations = (
				860BE290232208D000D76753 /* Debug */,
				860BE291232208D000D76753 /* Release */,
			);
			defaultConfigurationIsVisible = 0;
			defaultConfigurationName = Release;
		};
		860BE292232208D000D76753 /* Build configuration list for PBXNativeTarget "Test-5-16Tests" */ = {
			isa = XCConfigurationList;
			buildConfigurations = (
				860BE293232208D000D76753 /* Debug */,
				860BE294232208D000D76753 /* Release */,
			);
			defaultConfigurationIsVisible = 0;
			defaultConfigurationName = Release;
		};
		860BE295232208D000D76753 /* Build configuration list for PBXNativeTarget "Test-5-16UITests" */ = {
			isa = XCConfigurationList;
			buildConfigurations = (
				860BE296232208D000D76753 /* Debug */,
				860BE297232208D000D76753 /* Release */,
			);
			defaultConfigurationIsVisible = 0;
			defaultConfigurationName = Release;
		};
/* End XCConfigurationList section */
	};
	rootObject = 860BE25F232208CD00D76753 /* Project object */;
}
